PODS:
  - AicactusSDK (1.0.3)
  - PopupWindow (0.1.0)

DEPENDENCIES:
  - AicactusSDK
  - PopupWindow

SPEC REPOS:
  trunk:
    - AicactusSDK
    - PopupWindow

SPEC CHECKSUMS:
  AicactusSDK: 5a765d800fbee4dc13efff192aad94d5b42d4b6a
  PopupWindow: 2f3a33001295435a3ab568e42a970d51539ed6e9

PODFILE CHECKSUM: cfff1ee70834455aca88ccf58bf7150011716f5d

COCOAPODS: 1.10.1
