PODS:
  - AicactusSDK (1.0.1)
  - Analytics (3.9.0)

DEPENDENCIES:
  - AicactusSDK (= 1.0.1)
  - Analytics (~> 3.0)

SPEC REPOS:
  trunk:
    - AicactusSDK
    - Analytics

SPEC CHECKSUMS:
  AicactusSDK: 331ab26da398da41bba5fb812509929305e36b2e
  Analytics: 67cce2129e4b0df5b532bf0c043043f292b32f5f

PODFILE CHECKSUM: 6188de74c5791b9a382408a8114d77bc82aa5b7f

COCOAPODS: 1.10.0.beta.2
